
Microsoft Visual Studio Solution File, Format Version 12.00
# Visual Studio Version 17
VisualStudioVersion = 17.10.35013.160
MinimumVisualStudioVersion = 10.0.40219.1
Project("{FAE04EC0-301F-11D3-BF4B-00C04F79EFBC}") = "CFSP", "CFSP\CFSP.csproj", "{C3588A3B-CD65-458C-BA59-E75CD7242430}"
EndProject
Global
	GlobalSection(SolutionConfigurationPlatforms) = preSolution
		Debug|Any CPU = Debug|Any CPU
		Release|Any CPU = Release|Any CPU
	EndGlobalSection
	GlobalSection(ProjectConfigurationPlatforms) = postSolution
		{C3588A3B-CD65-458C-BA59-E75CD7242430}.Debug|Any CPU.ActiveCfg = Debug|Any CPU
		{C3588A3B-CD65-458C-BA59-E75CD7242430}.Debug|Any CPU.Build.0 = Debug|Any CPU
		{C3588A3B-CD65-458C-BA59-E75CD7242430}.Release|Any CPU.ActiveCfg = Release|Any CPU
		{C3588A3B-CD65-458C-BA59-E75CD7242430}.Release|Any CPU.Build.0 = Release|Any CPU
	EndGlobalSection
	GlobalSection(SolutionProperties) = preSolution
		HideSolutionNode = FALSE
	EndGlobalSection
	GlobalSection(ExtensibilityGlobals) = postSolution
		SolutionGuid = {721E698C-DE48-4D19-B3AA-BBD03C7A8308}
	EndGlobalSection
EndGlobal
